{
  "name": "solana-arns",
  "version": "1.0.0",
  "lockfileVersion": 3,
  "requires": true,
  "packages": {
    "": {
      "name": "solana-arns",
      "version": "1.0.0",
      "license": "ISC",
      "dependencies": {
        "@ar.io/sdk": "^4.3.0",
        "@ar.io/solana-contracts": "^1.2.0",
        "@solana/kit": "^6.10.0"
      }
    },
    "node_modules/@ar.io/sdk": {
      "version": "4.3.0",
      "resolved": "https://registry.npmjs.org/@ar.io/sdk/-/sdk-4.3.0.tgz",
      "integrity": "sha512-NL7kCxsQxI3BLVNvt6S/NxV/eeeTmZKIPCczoq81HzYU7HjQdhS5tGyk90NJyWvXyNnNotBYoe6lRCk+rHodzg==",
      "license": "Apache-2.0",
      "dependencies": {
        "@ar.io/solana-contracts": "1.2.0",
        "@noble/hashes": "^1.8.0",
        "@solana-program/address-lookup-table": "^0.11.0",
        "@solana-program/compute-budget": "^0.15.0",
        "@solana-program/token": "^0.13.0",
        "@solana/kit": "^6.8.0",
        "bs58": "^6.0.0",
        "commander": "^12.1.0",
        "opossum": "^9.0.0",
        "prompts": "^2.4.2",
        "zod": "^3.25.76"
      },
      "bin": {
        "ar.io": "lib/esm/cli/cli.js"
      },
      "engines": {
        "node": ">=18"
      }
    },
    "node_modules/@ar.io/solana-contracts": {
      "version": "1.2.0",
      "resolved": "https://registry.npmjs.org/@ar.io/solana-contracts/-/solana-contracts-1.2.0.tgz",
      "integrity": "sha512-g/zqlYNK3geFzjaiYhicFniGsBu2T3MDM+Gh7IuOmQXV1HSPakib3oP1p0wWeJ0ho1SipoPvW+KncUaM9KVQHA==",
      "hasInstallScript": true,
      "license": "AGPL-3.0-or-later",
      "dependencies": {
        "@noble/hashes": "^1.5.0",
        "bs58": "^6.0.0"
      },
      "peerDependencies": {
        "@solana/kit": ">=6 <7"
      }
    },
    "node_modules/@noble/hashes": {
      "version": "1.8.0",
      "resolved": "https://registry.npmjs.org/@noble/hashes/-/hashes-1.8.0.tgz",
      "integrity": "sha512-jCs9ldd7NwzpgXDIf6P3+NrHh9/sD6CQdxHyjQI+h/6rDNo88ypBxxz45UDuZHz9r3tNz7N/VInSVoVdtXEI4A==",
      "license": "MIT",
      "engines": {
        "node": "^14.21.3 || >=16"
      },
      "funding": {
        "url": "https://paulmillr.com/funding/"
      }
    },
    "node_modules/@solana-program/address-lookup-table": {
      "version": "0.11.0",
      "resolved": "https://registry.npmjs.org/@solana-program/address-lookup-table/-/address-lookup-table-0.11.0.tgz",
      "integrity": "sha512-loC6VTEhmhYSq2ElZrv+V9uHp/Te6A7rllLIArk9c3A5+5V7sRhVsxZvsPGcv/WMXLgqmXR+Vl7WF7QSV3tXNQ==",
      "license": "Apache-2.0",
      "peerDependencies": {
        "@solana/kit": "^6.0"
      }
    },
    "node_modules/@solana-program/compute-budget": {
      "version": "0.15.0",
      "resolved": "https://registry.npmjs.org/@solana-program/compute-budget/-/compute-budget-0.15.0.tgz",
      "integrity": "sha512-toejNdIkzpUTqLSIzP0Nofr/EFel8QpPWuTtIKzfCcjn+mXpkThHxPJaNesk251rSTiWaxDZ3WxG7RxYwTWTqA==",
      "license": "Apache-2.0",
      "peerDependencies": {
        "@solana/kit": "^6.3.0"
      }
    },
    "node_modules/@solana-program/system": {
      "version": "0.12.2",
      "resolved": "https://registry.npmjs.org/@solana-program/system/-/system-0.12.2.tgz",
      "integrity": "sha512-MaBeOxlvTruQhA7UYkOb3hVTEHPPagOtd+PvTm6a8rGgvEAP0kD4BbC37NceOaR4ABNqdaCmD5OMVRKgrE6KAg==",
      "license": "Apache-2.0",
      "peerDependencies": {
        "@solana/kit": "^6.4.0"
      }
    },
    "node_modules/@solana-program/token": {
      "version": "0.13.0",
      "resolved": "https://registry.npmjs.org/@solana-program/token/-/token-0.13.0.tgz",
      "integrity": "sha512-/Apjrd5lwOJGrPB0J5Rv7EBeclvyEBQPAGA85Scm7wBH+GpkbdLDM9uK3TNg8jjFKyWQYai/JtPHbrx7VgFLSg==",
      "license": "Apache-2.0",
      "dependencies": {
        "@solana-program/system": "^0.12.0"
      },
      "peerDependencies": {
        "@solana/kit": "^6.5.0"
      }
    },
    "node_modules/@solana/accounts": {
      "version": "6.10.0",
      "resolved": "https://registry.npmjs.org/@solana/accounts/-/accounts-6.10.0.tgz",
      "integrity": "sha512-+FxfDOrnifoPlBkF+fr8eeQdgM6xtIgAg9xKMu3WnIz60oZd4Xnry6+ff6t+ePPoZZp397FSg9ZJet68VCWm5Q==",
      "license": "MIT",
      "dependencies": {
        "@solana/addresses": "6.10.0",
        "@solana/codecs-core": "6.10.0",
        "@solana/codecs-strings": "6.10.0",
        "@solana/errors": "6.10.0",
        "@solana/rpc-spec": "6.10.0",
        "@solana/rpc-types": "6.10.0"
      },
      "engines": {
        "node": ">=20.18.0"
      },
      "peerDependencies": {
        "typescript": ">=5.4.0"
      },
      "peerDependenciesMeta": {
        "typescript": {
          "optional": true
        }
      }
    },
    "node_modules/@solana/addresses": {
      "version": "6.10.0",
      "resolved": "https://registry.npmjs.org/@solana/addresses/-/addresses-6.10.0.tgz",
      "integrity": "sha512-vEoCGBTxG0HCERAn84KXkrJjl+pDaNzOpZ0qbgcPS98fYxP5yzbKB8SNOY2bzrbkRUmmw5Q3hqTRERemUN2Gcw==",
      "license": "MIT",
      "dependencies": {
        "@solana/assertions": "6.10.0",
        "@solana/codecs-core": "6.10.0",
        "@solana/codecs-strings": "6.10.0",
        "@solana/errors": "6.10.0",
        "@solana/nominal-types": "6.10.0"
      },
      "engines": {
        "node": ">=20.18.0"
      },
      "peerDependencies": {
        "typescript": ">=5.4.0"
      },
      "peerDependenciesMeta": {
        "typescript": {
          "optional": true
        }
      }
    },
    "node_modules/@solana/assertions": {
      "version": "6.10.0",
      "resolved": "https://registry.npmjs.org/@solana/assertions/-/assertions-6.10.0.tgz",
      "integrity": "sha512-lKSAdVo+P/6Lp4vs6shstXmFOpvxrABwn4o1462tb7sKkNapk6o9pPFVPGw4DUgPS3WqWRs1j2tmpuVjhQRntg==",
      "license": "MIT",
      "dependencies": {
        "@solana/errors": "6.10.0"
      },
      "engines": {
        "node": ">=20.18.0"
      },
      "peerDependencies": {
        "typescript": ">=5.4.0"
      },
      "peerDependenciesMeta": {
        "typescript": {
          "optional": true
        }
      }
    },
    "node_modules/@solana/codecs": {
      "version": "6.10.0",
      "resolved": "https://registry.npmjs.org/@solana/codecs/-/codecs-6.10.0.tgz",
      "integrity": "sha512-lLVuxod4ChWp9i7OvpgIykYG8Q9OGPVXKnHM9VlzDDLylsx7Y1FoQL00sHa7PqFkJVmkBufaA6dcGbQ7FU+lAQ==",
      "license": "MIT",
      "dependencies": {
        "@solana/codecs-core": "6.10.0",
        "@solana/codecs-data-structures": "6.10.0",
        "@solana/codecs-numbers": "6.10.0",
        "@solana/codecs-strings": "6.10.0",
        "@solana/fixed-points": "6.10.0",
        "@solana/options": "6.10.0"
      },
      "engines": {
        "node": ">=20.18.0"
      },
      "peerDependencies": {
        "typescript": ">=5.4.0"
      },
      "peerDependenciesMeta": {
        "typescript": {
          "optional": true
        }
      }
    },
    "node_modules/@solana/codecs-core": {
      "version": "6.10.0",
      "resolved": "https://registry.npmjs.org/@solana/codecs-core/-/codecs-core-6.10.0.tgz",
      "integrity": "sha512-nfAl9OMGo4HanIMxGsQoVB7BxMoqBCYEUxl8oEAZZ09pDxnaXQZkTRXEwPPccag37XfW1ciPd1vWPKwB2b0HHQ==",
      "license": "MIT",
      "dependencies": {
        "@solana/errors": "6.10.0"
      },
      "engines": {
        "node": ">=20.18.0"
      },
      "peerDependencies": {
        "typescript": ">=5.4.0"
      },
      "peerDependenciesMeta": {
        "typescript": {
          "optional": true
        }
      }
    },
    "node_modules/@solana/codecs-data-structures": {
      "version": "6.10.0",
      "resolved": "https://registry.npmjs.org/@solana/codecs-data-structures/-/codecs-data-structures-6.10.0.tgz",
      "integrity": "sha512-CNasJW3bq5u+632Zt5aJ8rOjAjv2HyenpV8o9kAIqdmV4CBpjCCoBnKn8LkuR/sbeREZxJYfhKTXO/9ruAkw7A==",
      "license": "MIT",
      "dependencies": {
        "@solana/codecs-core": "6.10.0",
        "@solana/codecs-numbers": "6.10.0",
        "@solana/errors": "6.10.0"
      },
      "engines": {
        "node": ">=20.18.0"
      },
      "peerDependencies": {
        "typescript": ">=5.4.0"
      },
      "peerDependenciesMeta": {
        "typescript": {
          "optional": true
        }
      }
    },
    "node_modules/@solana/codecs-numbers": {
      "version": "6.10.0",
      "resolved": "https://registry.npmjs.org/@solana/codecs-numbers/-/codecs-numbers-6.10.0.tgz",
      "integrity": "sha512-CcM+wX4zOiA9zkh8A7t1787A0Ehgmu5+6Z2tKoHew6cNw/dkaUTPa8JnNHbvfsLC8dfHC1BhAEJl86sKmRsfkQ==",
      "license": "MIT",
      "dependencies": {
        "@solana/codecs-core": "6.10.0",
        "@solana/errors": "6.10.0"
      },
      "engines": {
        "node": ">=20.18.0"
      },
      "peerDependencies": {
        "typescript": ">=5.4.0"
      },
      "peerDependenciesMeta": {
        "typescript": {
          "optional": true
        }
      }
    },
    "node_modules/@solana/codecs-strings": {
      "version": "6.10.0",
      "resolved": "https://registry.npmjs.org/@solana/codecs-strings/-/codecs-strings-6.10.0.tgz",
      "integrity": "sha512-zlaqkg7K6F6IN4V/Ec8TWkTn054gxv7ZLagvGkuEyAdPQ6BzzsehOm2TqCuyXgJJTCGPLY1bEk6yH9NxANe0kA==",
      "license": "MIT",
      "dependencies": {
        "@solana/codecs-core": "6.10.0",
        "@solana/codecs-numbers": "6.10.0",
        "@solana/errors": "6.10.0"
      },
      "engines": {
        "node": ">=20.18.0"
      },
      "peerDependencies": {
        "fastestsmallesttextencoderdecoder": "^1.0.22",
        "typescript": ">=5.4.0"
      },
      "peerDependenciesMeta": {
        "fastestsmallesttextencoderdecoder": {
          "optional": true
        },
        "typescript": {
          "optional": true
        }
      }
    },
    "node_modules/@solana/errors": {
      "version": "6.10.0",
      "resolved": "https://registry.npmjs.org/@solana/errors/-/errors-6.10.0.tgz",
      "integrity": "sha512-KBLAxCtAXr357JNhCyIDQXWbuSj5vN6w+28FSfcYY6OOSiphmXLAV3V58jgV0C6iNbIzFJFi6yatFyDTdeJsNg==",
      "license": "MIT",
      "dependencies": {
        "chalk": "5.6.2",
        "commander": "15.0.0"
      },
      "bin": {
        "errors": "bin/cli.mjs"
      },
      "engines": {
        "node": ">=20.18.0"
      },
      "peerDependencies": {
        "typescript": ">=5.4.0"
      },
      "peerDependenciesMeta": {
        "typescript": {
          "optional": true
        }
      }
    },
    "node_modules/@solana/errors/node_modules/commander": {
      "version": "15.0.0",
      "resolved": "https://registry.npmjs.org/commander/-/commander-15.0.0.tgz",
      "integrity": "sha512-z67u4ZhzCL/Tydu1lJARtEZYWbWaN7oYLHbsuzocr6y4N6WZAagG3RQ4FW61V1/0+jImpj293XfrcYnd1qxtPg==",
      "license": "MIT",
      "engines": {
        "node": ">=22.12.0"
      }
    },
    "node_modules/@solana/fast-stable-stringify": {
      "version": "6.10.0",
      "resolved": "https://registry.npmjs.org/@solana/fast-stable-stringify/-/fast-stable-stringify-6.10.0.tgz",
      "integrity": "sha512-iCNed27wk6PKSS3QUtHovRfMWF/jbVWogs2vB4tukKUCsqG4rDfDInIwZ6ur/nY6XTrgi2gMMdZq9GAUlWsbfw==",
      "license": "MIT",
      "engines": {
        "node": ">=20.18.0"
      },
      "peerDependencies": {
        "typescript": ">=5.4.0"
      },
      "peerDependenciesMeta": {
        "typescript": {
          "optional": true
        }
      }
    },
    "node_modules/@solana/fixed-points": {
      "version": "6.10.0",
      "resolved": "https://registry.npmjs.org/@solana/fixed-points/-/fixed-points-6.10.0.tgz",
      "integrity": "sha512-ZkKL0alXH3L7/wMiVG8YUuG8qBKunlM810+YBD7nUPRhifiGsX1zwADViHLYNqLr/jUk0mTYFUcKznTpB/K+Gg==",
      "license": "MIT",
      "dependencies": {
        "@solana/codecs-core": "6.10.0",
        "@solana/errors": "6.10.0"
      },
      "engines": {
        "node": ">=20.18.0"
      },
      "peerDependencies": {
        "typescript": ">=5.4.0"
      },
      "peerDependenciesMeta": {
        "typescript": {
          "optional": true
        }
      }
    },
    "node_modules/@solana/functional": {
      "version": "6.10.0",
      "resolved": "https://registry.npmjs.org/@solana/functional/-/functional-6.10.0.tgz",
      "integrity": "sha512-P8cevu4mAqHTXC37h1TVoOh8zhWB2tlOI/R9vWjYPpcLwcyWf8p2qq4LEGHl5kY+1C+4PNX39HsmCocXOPCDkQ==",
      "license": "MIT",
      "engines": {
        "node": ">=20.18.0"
      },
      "peerDependencies": {
        "typescript": ">=5.4.0"
      },
      "peerDependenciesMeta": {
        "typescript": {
          "optional": true
        }
      }
    },
    "node_modules/@solana/instruction-plans": {
      "version": "6.10.0",
      "resolved": "https://registry.npmjs.org/@solana/instruction-plans/-/instruction-plans-6.10.0.tgz",
      "integrity": "sha512-YG7mo4zykzdc6ZTV0BuN6pveK9qeBySzlYYerq578A4eQu3xcypMAYRGAvhMZtWTanjjmD6CKtM0M7kVp0TNxg==",
      "license": "MIT",
      "dependencies": {
        "@solana/errors": "6.10.0",
        "@solana/instructions": "6.10.0",
        "@solana/keys": "6.10.0",
        "@solana/promises": "6.10.0",
        "@solana/transaction-messages": "6.10.0",
        "@solana/transactions": "6.10.0"
      },
      "engines": {
        "node": ">=20.18.0"
      },
      "peerDependencies": {
        "typescript": ">=5.4.0"
      },
      "peerDependenciesMeta": {
        "typescript": {
          "optional": true
        }
      }
    },
    "node_modules/@solana/instructions": {
      "version": "6.10.0",
      "resolved": "https://registry.npmjs.org/@solana/instructions/-/instructions-6.10.0.tgz",
      "integrity": "sha512-0TToYF+8LXQ3ofPMx+yF6yaM9l4YJvcAPMy0qV5JsrBUFlWXBSANRuudKBQLHMvb+a3OiUTq5X7omuorKMBB3A==",
      "license": "MIT",
      "dependencies": {
        "@solana/codecs-core": "6.10.0",
        "@solana/errors": "6.10.0"
      },
      "engines": {
        "node": ">=20.18.0"
      },
      "peerDependencies": {
        "typescript": ">=5.4.0"
      },
      "peerDependenciesMeta": {
        "typescript": {
          "optional": true
        }
      }
    },
    "node_modules/@solana/keys": {
      "version": "6.10.0",
      "resolved": "https://registry.npmjs.org/@solana/keys/-/keys-6.10.0.tgz",
      "integrity": "sha512-26IRfdm/hTUCmM7MeEeX0ULSbCM6OzkZTkfkrPircqmRM7xyNqP4hq7u0P7wjb9dl7NfgyG6K7cdvUxrj2e3mA==",
      "license": "MIT",
      "dependencies": {
        "@solana/assertions": "6.10.0",
        "@solana/codecs-core": "6.10.0",
        "@solana/codecs-strings": "6.10.0",
        "@solana/errors": "6.10.0",
        "@solana/nominal-types": "6.10.0",
        "@solana/promises": "6.10.0"
      },
      "engines": {
        "node": ">=20.18.0"
      },
      "peerDependencies": {
        "typescript": ">=5.4.0"
      },
      "peerDependenciesMeta": {
        "typescript": {
          "optional": true
        }
      }
    },
    "node_modules/@solana/kit": {
      "version": "6.10.0",
      "resolved": "https://registry.npmjs.org/@solana/kit/-/kit-6.10.0.tgz",
      "integrity": "sha512-/WnnQp3uARh2JCFSfAakejTAqwmXVuMVTcRn5r2yDwY2yzZ4R6mt/Cl59VPimVLNSoTyN/KsEwhv9omr3ERazQ==",
      "license": "MIT",
      "dependencies": {
        "@solana/accounts": "6.10.0",
        "@solana/addresses": "6.10.0",
        "@solana/codecs": "6.10.0",
        "@solana/errors": "6.10.0",
        "@solana/functional": "6.10.0",
        "@solana/instruction-plans": "6.10.0",
        "@solana/instructions": "6.10.0",
        "@solana/keys": "6.10.0",
        "@solana/offchain-messages": "6.10.0",
        "@solana/plugin-core": "6.10.0",
        "@solana/plugin-interfaces": "6.10.0",
        "@solana/program-client-core": "6.10.0",
        "@solana/programs": "6.10.0",
        "@solana/rpc": "6.10.0",
        "@solana/rpc-api": "6.10.0",
        "@solana/rpc-parsed-types": "6.10.0",
        "@solana/rpc-spec-types": "6.10.0",
        "@solana/rpc-subscriptions": "6.10.0",
        "@solana/rpc-types": "6.10.0",
        "@solana/signers": "6.10.0",
        "@solana/subscribable": "6.10.0",
        "@solana/sysvars": "6.10.0",
        "@solana/transaction-confirmation": "6.10.0",
        "@solana/transaction-messages": "6.10.0",
        "@solana/transactions": "6.10.0"
      },
      "engines": {
        "node": ">=20.18.0"
      },
      "peerDependencies": {
        "typescript": ">=5.4.0"
      },
      "peerDependenciesMeta": {
        "typescript": {
          "optional": true
        }
      }
    },
    "node_modules/@solana/nominal-types": {
      "version": "6.10.0",
      "resolved": "https://registry.npmjs.org/@solana/nominal-types/-/nominal-types-6.10.0.tgz",
      "integrity": "sha512-9ykyBBvnkInH7fCacjJi7zu2PJyd+OCt+VTjIISv070fHzKIMFqZqJJ/dJ0SRH2aHwfB3n86iVsmtBtuxi4KKA==",
      "license": "MIT",
      "engines": {
        "node": ">=20.18.0"
      },
      "peerDependencies": {
        "typescript": ">=5.4.0"
      },
      "peerDependenciesMeta": {
        "typescript": {
          "optional": true
        }
      }
    },
    "node_modules/@solana/offchain-messages": {
      "version": "6.10.0",
      "resolved": "https://registry.npmjs.org/@solana/offchain-messages/-/offchain-messages-6.10.0.tgz",
      "integrity": "sha512-RiEgAueeMkFMC1suOXBIcmCZgtXRxy24yk0DldPB37bB4zwOF1SAaRjNRPjIkGK8RhCYrEpPosnzLyavw9ueRg==",
      "license": "MIT",
      "dependencies": {
        "@solana/addresses": "6.10.0",
        "@solana/codecs-core": "6.10.0",
        "@solana/codecs-data-structures": "6.10.0",
        "@solana/codecs-numbers": "6.10.0",
        "@solana/codecs-strings": "6.10.0",
        "@solana/errors": "6.10.0",
        "@solana/keys": "6.10.0",
        "@solana/nominal-types": "6.10.0"
      },
      "engines": {
        "node": ">=20.18.0"
      },
      "peerDependencies": {
        "typescript": ">=5.4.0"
      },
      "peerDependenciesMeta": {
        "typescript": {
          "optional": true
        }
      }
    },
    "node_modules/@solana/options": {
      "version": "6.10.0",
      "resolved": "https://registry.npmjs.org/@solana/options/-/options-6.10.0.tgz",
      "integrity": "sha512-RO9UT3UYD8/Cu2uM6ZXbKvLeMnVD42+g9JRds7Pfs4AhiOyg4R4TJrQUAppTgavPTO3PBRlWtWOC05ZH/yAIbg==",
      "license": "MIT",
      "dependencies": {
        "@solana/codecs-core": "6.10.0",
        "@solana/codecs-data-structures": "6.10.0",
        "@solana/codecs-numbers": "6.10.0",
        "@solana/codecs-strings": "6.10.0",
        "@solana/errors": "6.10.0"
      },
      "engines": {
        "node": ">=20.18.0"
      },
      "peerDependencies": {
        "typescript": ">=5.4.0"
      },
      "peerDependenciesMeta": {
        "typescript": {
          "optional": true
        }
      }
    },
    "node_modules/@solana/plugin-core": {
      "version": "6.10.0",
      "resolved": "https://registry.npmjs.org/@solana/plugin-core/-/plugin-core-6.10.0.tgz",
      "integrity": "sha512-JE70YTQOfFACVFGvoJon4Scc/eHUWjMu8Ovo35CcV2kHTAHYMCd4UkBd2gmlhK0vRMMomsQi1ZLPlAlTq0OoUQ==",
      "license": "MIT",
      "engines": {
        "node": ">=20.18.0"
      },
      "peerDependencies": {
        "typescript": ">=5.4.0"
      },
      "peerDependenciesMeta": {
        "typescript": {
          "optional": true
        }
      }
    },
    "node_modules/@solana/plugin-interfaces": {
      "version": "6.10.0",
      "resolved": "https://registry.npmjs.org/@solana/plugin-interfaces/-/plugin-interfaces-6.10.0.tgz",
      "integrity": "sha512-vr0/l9wcM4orwGr8cjkFWaJ9A4HvzuAv00jMFNMg0Spd0GZqnwnpW+D/fXa1lIJnTRaF3EeEjLh4VjKU037T0Q==",
      "license": "MIT",
      "dependencies": {
        "@solana/addresses": "6.10.0",
        "@solana/instruction-plans": "6.10.0",
        "@solana/keys": "6.10.0",
        "@solana/rpc-spec": "6.10.0",
        "@solana/rpc-subscriptions-spec": "6.10.0",
        "@solana/rpc-types": "6.10.0",
        "@solana/signers": "6.10.0"
      },
      "engines": {
        "node": ">=20.18.0"
      },
      "peerDependencies": {
        "typescript": ">=5.4.0"
      },
      "peerDependenciesMeta": {
        "typescript": {
          "optional": true
        }
      }
    },
    "node_modules/@solana/program-client-core": {
      "version": "6.10.0",
      "resolved": "https://registry.npmjs.org/@solana/program-client-core/-/program-client-core-6.10.0.tgz",
      "integrity": "sha512-4PPbTLdC1ylHIuvhOFDP8RnSkXPCFjNFWGslzc+UFKnoR4ajzBcByX94jmaruDMk5ncxgj7tr9pzJTvfGHIaMA==",
      "license": "MIT",
      "dependencies": {
        "@solana/accounts": "6.10.0",
        "@solana/addresses": "6.10.0",
        "@solana/codecs-core": "6.10.0",
        "@solana/errors": "6.10.0",
        "@solana/instruction-plans": "6.10.0",
        "@solana/instructions": "6.10.0",
        "@solana/plugin-interfaces": "6.10.0",
        "@solana/rpc-api": "6.10.0",
        "@solana/signers": "6.10.0"
      },
      "engines": {
        "node": ">=20.18.0"
      },
      "peerDependencies": {
        "typescript": ">=5.4.0"
      },
      "peerDependenciesMeta": {
        "typescript": {
          "optional": true
        }
      }
    },
    "node_modules/@solana/programs": {
      "version": "6.10.0",
      "resolved": "https://registry.npmjs.org/@solana/programs/-/programs-6.10.0.tgz",
      "integrity": "sha512-qn/HeLP5KGUJXVub3fyGe69/rWaLX4jzwm6V/1pNxJDbdF+MBdgn18hP6F+VmhfdNmwK0lue3J/1HQ1UTMuQeQ==",
      "license": "MIT",
      "dependencies": {
        "@solana/addresses": "6.10.0",
        "@solana/errors": "6.10.0"
      },
      "engines": {
        "node": ">=20.18.0"
      },
      "peerDependencies": {
        "typescript": ">=5.4.0"
      },
      "peerDependenciesMeta": {
        "typescript": {
          "optional": true
        }
      }
    },
    "node_modules/@solana/promises": {
      "version": "6.10.0",
      "resolved": "https://registry.npmjs.org/@solana/promises/-/promises-6.10.0.tgz",
      "integrity": "sha512-oJSIn+VBBMWDo8oqw7RV3tI6Jih+Ieup6FcQLYLDUriaeo7+8l1Zdezl8zh7SIfeU4lOfAbRg6mR0huaS/Lltg==",
      "license": "MIT",
      "engines": {
        "node": ">=20.18.0"
      },
      "peerDependencies": {
        "typescript": ">=5.4.0"
      },
      "peerDependenciesMeta": {
        "typescript": {
          "optional": true
        }
      }
    },
    "node_modules/@solana/rpc": {
      "version": "6.10.0",
      "resolved": "https://registry.npmjs.org/@solana/rpc/-/rpc-6.10.0.tgz",
      "integrity": "sha512-EwxsqoD+NXV+m+iobnWNtATD93gTgaNsOiQOzYB1/2e+8S6fl6obdNPB55yfXgtl4jt6GV6/ae4xuPhLv76vvg==",
      "license": "MIT",
      "dependencies": {
        "@solana/errors": "6.10.0",
        "@solana/fast-stable-stringify": "6.10.0",
        "@solana/functional": "6.10.0",
        "@solana/rpc-api": "6.10.0",
        "@solana/rpc-spec": "6.10.0",
        "@solana/rpc-spec-types": "6.10.0",
        "@solana/rpc-transformers": "6.10.0",
        "@solana/rpc-transport-http": "6.10.0",
        "@solana/rpc-types": "6.10.0"
      },
      "engines": {
        "node": ">=20.18.0"
      },
      "peerDependencies": {
        "typescript": ">=5.4.0"
      },
      "peerDependenciesMeta": {
        "typescript": {
          "optional": true
        }
      }
    },
    "node_modules/@solana/rpc-api": {
      "version": "6.10.0",
      "resolved": "https://registry.npmjs.org/@solana/rpc-api/-/rpc-api-6.10.0.tgz",
      "integrity": "sha512-RjPIVsAb/85P1ptoO3WpC0x7QG6gG/e4q/3lo6gbSznUZOcoM+8sSBnCX7BwP1ZkCDS6NK/ClXLnhhhYZx+OGg==",
      "license": "MIT",
      "dependencies": {
        "@solana/addresses": "6.10.0",
        "@solana/codecs-core": "6.10.0",
        "@solana/codecs-strings": "6.10.0",
        "@solana/errors": "6.10.0",
        "@solana/keys": "6.10.0",
        "@solana/rpc-parsed-types": "6.10.0",
        "@solana/rpc-spec": "6.10.0",
        "@solana/rpc-transformers": "6.10.0",
        "@solana/rpc-types": "6.10.0",
        "@solana/transaction-messages": "6.10.0",
        "@solana/transactions": "6.10.0"
      },
      "engines": {
        "node": ">=20.18.0"
      },
      "peerDependencies": {
        "typescript": ">=5.4.0"
      },
      "peerDependenciesMeta": {
        "typescript": {
          "optional": true
        }
      }
    },
    "node_modules/@solana/rpc-parsed-types": {
      "version": "6.10.0",
      "resolved": "https://registry.npmjs.org/@solana/rpc-parsed-types/-/rpc-parsed-types-6.10.0.tgz",
      "integrity": "sha512-5275mvSV1mxhwvrMVa+K7BU/nAetpHfcb+8Ql9rtA8RRf6DyiimFQFZUukE4Ez6XJihEpCHNy98yhkgai9wytQ==",
      "license": "MIT",
      "engines": {
        "node": ">=20.18.0"
      },
      "peerDependencies": {
        "typescript": ">=5.4.0"
      },
      "peerDependenciesMeta": {
        "typescript": {
          "optional": true
        }
      }
    },
    "node_modules/@solana/rpc-spec": {
      "version": "6.10.0",
      "resolved": "https://registry.npmjs.org/@solana/rpc-spec/-/rpc-spec-6.10.0.tgz",
      "integrity": "sha512-yQdbWw5mZEWrwsunHR9NHkuhMXIB9sPOObwm18D53v5tAJnxTB0IcHvO647XqFDLTK/yQ4AdDtlYD1vsY07AMQ==",
      "license": "MIT",
      "dependencies": {
        "@solana/errors": "6.10.0",
        "@solana/rpc-spec-types": "6.10.0",
        "@solana/subscribable": "6.10.0"
      },
      "engines": {
        "node": ">=20.18.0"
      },
      "peerDependencies": {
        "typescript": ">=5.4.0"
      },
      "peerDependenciesMeta": {
        "typescript": {
          "optional": true
        }
      }
    },
    "node_modules/@solana/rpc-spec-types": {
      "version": "6.10.0",
      "resolved": "https://registry.npmjs.org/@solana/rpc-spec-types/-/rpc-spec-types-6.10.0.tgz",
      "integrity": "sha512-NDZrKyZrJk4HaMFhTE/lAiMB824cWAodKqDHyKi0UteHU9pyRmil3BN1jt7e+j08mwMWwfklSgyrTaq52g6DIQ==",
      "license": "MIT",
      "engines": {
        "node": ">=20.18.0"
      },
      "peerDependencies": {
        "typescript": ">=5.4.0"
      },
      "peerDependenciesMeta": {
        "typescript": {
          "optional": true
        }
      }
    },
    "node_modules/@solana/rpc-subscriptions": {
      "version": "6.10.0",
      "resolved": "https://registry.npmjs.org/@solana/rpc-subscriptions/-/rpc-subscriptions-6.10.0.tgz",
      "integrity": "sha512-6mfuHp/K7unFKCOTCCBC9ziEGnxe2tyJ74EbR51QUnBeCUdYD7Hhdpxic1WRSJ3UeNW/mG4OzFM6z8Wi64Eh9Q==",
      "license": "MIT",
      "dependencies": {
        "@solana/errors": "6.10.0",
        "@solana/fast-stable-stringify": "6.10.0",
        "@solana/functional": "6.10.0",
        "@solana/promises": "6.10.0",
        "@solana/rpc-spec-types": "6.10.0",
        "@solana/rpc-subscriptions-api": "6.10.0",
        "@solana/rpc-subscriptions-channel-websocket": "6.10.0",
        "@solana/rpc-subscriptions-spec": "6.10.0",
        "@solana/rpc-transformers": "6.10.0",
        "@solana/rpc-types": "6.10.0",
        "@solana/subscribable": "6.10.0"
      },
      "engines": {
        "node": ">=20.18.0"
      },
      "peerDependencies": {
        "typescript": ">=5.4.0"
      },
      "peerDependenciesMeta": {
        "typescript": {
          "optional": true
        }
      }
    },
    "node_modules/@solana/rpc-subscriptions-api": {
      "version": "6.10.0",
      "resolved": "https://registry.npmjs.org/@solana/rpc-subscriptions-api/-/rpc-subscriptions-api-6.10.0.tgz",
      "integrity": "sha512-CRPQoTtT1cOwOQUsqS7jgo7wYdAj7jB5ab/UmMPWVpecf2FNMhWhgvxP2s82M7VkDGTGl13qaQ0WySmi7Egrlg==",
      "license": "MIT",
      "dependencies": {
        "@solana/addresses": "6.10.0",
        "@solana/keys": "6.10.0",
        "@solana/rpc-subscriptions-spec": "6.10.0",
        "@solana/rpc-transformers": "6.10.0",
        "@solana/rpc-types": "6.10.0",
        "@solana/transaction-messages": "6.10.0",
        "@solana/transactions": "6.10.0"
      },
      "engines": {
        "node": ">=20.18.0"
      },
      "peerDependencies": {
        "typescript": ">=5.4.0"
      },
      "peerDependenciesMeta": {
        "typescript": {
          "optional": true
        }
      }
    },
    "node_modules/@solana/rpc-subscriptions-channel-websocket": {
      "version": "6.10.0",
      "resolved": "https://registry.npmjs.org/@solana/rpc-subscriptions-channel-websocket/-/rpc-subscriptions-channel-websocket-6.10.0.tgz",
      "integrity": "sha512-KkqP1186HELPlJftA88SNAT2znR8knCVzsUipXVzY4zfW8sN3LOa0ePMzh9VZ/V+J+raTt55laR87ovAO0n+zw==",
      "license": "MIT",
      "dependencies": {
        "@solana/errors": "6.10.0",
        "@solana/functional": "6.10.0",
        "@solana/rpc-subscriptions-spec": "6.10.0",
        "@solana/subscribable": "6.10.0",
        "ws": "^8.21.0"
      },
      "engines": {
        "node": ">=20.18.0"
      },
      "peerDependencies": {
        "typescript": ">=5.4.0"
      },
      "peerDependenciesMeta": {
        "typescript": {
          "optional": true
        }
      }
    },
    "node_modules/@solana/rpc-subscriptions-spec": {
      "version": "6.10.0",
      "resolved": "https://registry.npmjs.org/@solana/rpc-subscriptions-spec/-/rpc-subscriptions-spec-6.10.0.tgz",
      "integrity": "sha512-nWMwGaG4ulzeX2sskY5TywXF3cwEd8FDmUpLe2JBWxE8XDAOGOKcsYPYFcBgb8ee9KqfPT2PTNdcz9jOhJf34w==",
      "license": "MIT",
      "dependencies": {
        "@solana/errors": "6.10.0",
        "@solana/promises": "6.10.0",
        "@solana/rpc-spec-types": "6.10.0",
        "@solana/subscribable": "6.10.0"
      },
      "engines": {
        "node": ">=20.18.0"
      },
      "peerDependencies": {
        "typescript": ">=5.4.0"
      },
      "peerDependenciesMeta": {
        "typescript": {
          "optional": true
        }
      }
    },
    "node_modules/@solana/rpc-transformers": {
      "version": "6.10.0",
      "resolved": "https://registry.npmjs.org/@solana/rpc-transformers/-/rpc-transformers-6.10.0.tgz",
      "integrity": "sha512-2nFUrVTiE720pJOY4XKx3HuYmishw0of/4oScu76YGm6O8wsmvFvPNAkrEinmieWXQkfpBfRvLZmpl8PaAy+ug==",
      "license": "MIT",
      "dependencies": {
        "@solana/errors": "6.10.0",
        "@solana/functional": "6.10.0",
        "@solana/nominal-types": "6.10.0",
        "@solana/rpc-spec-types": "6.10.0",
        "@solana/rpc-types": "6.10.0"
      },
      "engines": {
        "node": ">=20.18.0"
      },
      "peerDependencies": {
        "typescript": ">=5.4.0"
      },
      "peerDependenciesMeta": {
        "typescript": {
          "optional": true
        }
      }
    },
    "node_modules/@solana/rpc-transport-http": {
      "version": "6.10.0",
      "resolved": "https://registry.npmjs.org/@solana/rpc-transport-http/-/rpc-transport-http-6.10.0.tgz",
      "integrity": "sha512-JrdNuYi0nBbD3X8JUtgX1dQJwIwz/WJvmigDdELysXfGB2bTJpfjqGDLhCLOz2sRl66FASIEqgG/LVa2C9VXcA==",
      "license": "MIT",
      "dependencies": {
        "@solana/errors": "6.10.0",
        "@solana/rpc-spec": "6.10.0",
        "@solana/rpc-spec-types": "6.10.0",
        "undici-types": "^8.4.1"
      },
      "engines": {
        "node": ">=20.18.0"
      },
      "peerDependencies": {
        "typescript": ">=5.4.0"
      },
      "peerDependenciesMeta": {
        "typescript": {
          "optional": true
        }
      }
    },
    "node_modules/@solana/rpc-types": {
      "version": "6.10.0",
      "resolved": "https://registry.npmjs.org/@solana/rpc-types/-/rpc-types-6.10.0.tgz",
      "integrity": "sha512-zaSecTfCPvz/vcoAmKD6XoRstGHTr1EKJBD8T9UcpEFFB6CtF6DxerDB+wrzkamuT6msmnR2DWXMrYOGDAsgIg==",
      "license": "MIT",
      "dependencies": {
        "@solana/addresses": "6.10.0",
        "@solana/codecs-core": "6.10.0",
        "@solana/codecs-numbers": "6.10.0",
        "@solana/codecs-strings": "6.10.0",
        "@solana/errors": "6.10.0",
        "@solana/fixed-points": "6.10.0",
        "@solana/nominal-types": "6.10.0"
      },
      "engines": {
        "node": ">=20.18.0"
      },
      "peerDependencies": {
        "typescript": ">=5.4.0"
      },
      "peerDependenciesMeta": {
        "typescript": {
          "optional": true
        }
      }
    },
    "node_modules/@solana/signers": {
      "version": "6.10.0",
      "resolved": "https://registry.npmjs.org/@solana/signers/-/signers-6.10.0.tgz",
      "integrity": "sha512-+vtCc+mT1FpGxrA5oL2aaMxSHiMJ2hH5PcDIfjo2XJkHz2klZiCZyT5F9+zpltc9vdi1QTElQq59Sfplmtd33A==",
      "license": "MIT",
      "dependencies": {
        "@solana/addresses": "6.10.0",
        "@solana/codecs-core": "6.10.0",
        "@solana/errors": "6.10.0",
        "@solana/instructions": "6.10.0",
        "@solana/keys": "6.10.0",
        "@solana/nominal-types": "6.10.0",
        "@solana/offchain-messages": "6.10.0",
        "@solana/transaction-messages": "6.10.0",
        "@solana/transactions": "6.10.0"
      },
      "engines": {
        "node": ">=20.18.0"
      },
      "peerDependencies": {
        "typescript": ">=5.4.0"
      },
      "peerDependenciesMeta": {
        "typescript": {
          "optional": true
        }
      }
    },
    "node_modules/@solana/subscribable": {
      "version": "6.10.0",
      "resolved": "https://registry.npmjs.org/@solana/subscribable/-/subscribable-6.10.0.tgz",
      "integrity": "sha512-VsR6XMwkiDBkZJUcoGkEOhf397pOV75gKCL9Bx8bpi2T3Bbs0CxUpMn4yaUgAnRba3eXmjbXMNCXjttfa6sKbw==",
      "license": "MIT",
      "dependencies": {
        "@solana/errors": "6.10.0",
        "@solana/promises": "6.10.0"
      },
      "engines": {
        "node": ">=20.18.0"
      },
      "peerDependencies": {
        "typescript": ">=5.4.0"
      },
      "peerDependenciesMeta": {
        "typescript": {
          "optional": true
        }
      }
    },
    "node_modules/@solana/sysvars": {
      "version": "6.10.0",
      "resolved": "https://registry.npmjs.org/@solana/sysvars/-/sysvars-6.10.0.tgz",
      "integrity": "sha512-cG13p1+onxz+20iWjwWQr1Z1jQwPm0fnjoW75fqZq7p4rVCie3L2sXvaJsYPjWKrUvpOzOIEHnqZGkG05rCpjg==",
      "license": "MIT",
      "dependencies": {
        "@solana/accounts": "6.10.0",
        "@solana/codecs-core": "6.10.0",
        "@solana/codecs-data-structures": "6.10.0",
        "@solana/codecs-numbers": "6.10.0",
        "@solana/errors": "6.10.0",
        "@solana/rpc-types": "6.10.0"
      },
      "engines": {
        "node": ">=20.18.0"
      },
      "peerDependencies": {
        "typescript": ">=5.4.0"
      },
      "peerDependenciesMeta": {
        "typescript": {
          "optional": true
        }
      }
    },
    "node_modules/@solana/transaction-confirmation": {
      "version": "6.10.0",
      "resolved": "https://registry.npmjs.org/@solana/transaction-confirmation/-/transaction-confirmation-6.10.0.tgz",
      "integrity": "sha512-ULvtg65qfenh4T/GYcIlKSUv5EqDcng9UN0dxbHU4kuZdR2e0B8HN2xDC4WhcFQVeFJSbTZmaYFkeTY/Y4gfGQ==",
      "license": "MIT",
      "dependencies": {
        "@solana/addresses": "6.10.0",
        "@solana/codecs-strings": "6.10.0",
        "@solana/errors": "6.10.0",
        "@solana/keys": "6.10.0",
        "@solana/promises": "6.10.0",
        "@solana/rpc": "6.10.0",
        "@solana/rpc-subscriptions": "6.10.0",
        "@solana/rpc-types": "6.10.0",
        "@solana/transaction-messages": "6.10.0",
        "@solana/transactions": "6.10.0"
      },
      "engines": {
        "node": ">=20.18.0"
      },
      "peerDependencies": {
        "typescript": ">=5.4.0"
      },
      "peerDependenciesMeta": {
        "typescript": {
          "optional": true
        }
      }
    },
    "node_modules/@solana/transaction-messages": {
      "version": "6.10.0",
      "resolved": "https://registry.npmjs.org/@solana/transaction-messages/-/transaction-messages-6.10.0.tgz",
      "integrity": "sha512-s7v8G3BTxGlKYIj3eWCG0g1296v+1LBt16mVnlRH5FuyaJ5AdhlhtRho5HUDpdwE8EXun+y1c48V6uhcZ8wdbQ==",
      "license": "MIT",
      "dependencies": {
        "@solana/addresses": "6.10.0",
        "@solana/codecs-core": "6.10.0",
        "@solana/codecs-data-structures": "6.10.0",
        "@solana/codecs-numbers": "6.10.0",
        "@solana/errors": "6.10.0",
        "@solana/functional": "6.10.0",
        "@solana/instructions": "6.10.0",
        "@solana/nominal-types": "6.10.0",
        "@solana/rpc-types": "6.10.0"
      },
      "engines": {
        "node": ">=20.18.0"
      },
      "peerDependencies": {
        "typescript": ">=5.4.0"
      },
      "peerDependenciesMeta": {
        "typescript": {
          "optional": true
        }
      }
    },
    "node_modules/@solana/transactions": {
      "version": "6.10.0",
      "resolved": "https://registry.npmjs.org/@solana/transactions/-/transactions-6.10.0.tgz",
      "integrity": "sha512-VADSqP9OTYmhrox4pcgDd4+RjVmednXSE0+8Y7SPK4PN1pK5Az2RJ0nSsy0xcTnaOr8mF/crwFktqPrRQwSbQA==",
      "license": "MIT",
      "dependencies": {
        "@solana/addresses": "6.10.0",
        "@solana/codecs-core": "6.10.0",
        "@solana/codecs-data-structures": "6.10.0",
        "@solana/codecs-numbers": "6.10.0",
        "@solana/codecs-strings": "6.10.0",
        "@solana/errors": "6.10.0",
        "@solana/functional": "6.10.0",
        "@solana/instructions": "6.10.0",
        "@solana/keys": "6.10.0",
        "@solana/nominal-types": "6.10.0",
        "@solana/rpc-types": "6.10.0",
        "@solana/transaction-messages": "6.10.0"
      },
      "engines": {
        "node": ">=20.18.0"
      },
      "peerDependencies": {
        "typescript": ">=5.4.0"
      },
      "peerDependenciesMeta": {
        "typescript": {
          "optional": true
        }
      }
    },
    "node_modules/base-x": {
      "version": "5.0.1",
      "resolved": "https://registry.npmjs.org/base-x/-/base-x-5.0.1.tgz",
      "integrity": "sha512-M7uio8Zt++eg3jPj+rHMfCC+IuygQHHCOU+IYsVtik6FWjuYpVt/+MRKcgsAMHh8mMFAwnB+Bs+mTrFiXjMzKg==",
      "license": "MIT"
    },
    "node_modules/bs58": {
      "version": "6.0.0",
      "resolved": "https://registry.npmjs.org/bs58/-/bs58-6.0.0.tgz",
      "integrity": "sha512-PD0wEnEYg6ijszw/u8s+iI3H17cTymlrwkKhDhPZq+Sokl3AU4htyBFTjAeNAlCCmg0f53g6ih3jATyCKftTfw==",
      "license": "MIT",
      "dependencies": {
        "base-x": "^5.0.0"
      }
    },
    "node_modules/chalk": {
      "version": "5.6.2",
      "resolved": "https://registry.npmjs.org/chalk/-/chalk-5.6.2.tgz",
      "integrity": "sha512-7NzBL0rN6fMUW+f7A6Io4h40qQlG+xGmtMxfbnH/K7TAtt8JQWVQK+6g0UXKMeVJoyV5EkkNsErQ8pVD3bLHbA==",
      "license": "MIT",
      "engines": {
        "node": "^12.17.0 || ^14.13 || >=16.0.0"
      },
      "funding": {
        "url": "https://github.com/chalk/chalk?sponsor=1"
      }
    },
    "node_modules/commander": {
      "version": "12.1.0",
      "resolved": "https://registry.npmjs.org/commander/-/commander-12.1.0.tgz",
      "integrity": "sha512-Vw8qHK3bZM9y/P10u3Vib8o/DdkvA2OtPtZvD871QKjy74Wj1WSKFILMPRPSdUSx5RFK1arlJzEtA4PkFgnbuA==",
      "license": "MIT",
      "engines": {
        "node": ">=18"
      }
    },
    "node_modules/kleur": {
      "version": "3.0.3",
      "resolved": "https://registry.npmjs.org/kleur/-/kleur-3.0.3.tgz",
      "integrity": "sha512-eTIzlVOSUR+JxdDFepEYcBMtZ9Qqdef+rnzWdRZuMbOywu5tO2w2N7rqjoANZ5k9vywhL6Br1VRjUIgTQx4E8w==",
      "license": "MIT",
      "engines": {
        "node": ">=6"
      }
    },
    "node_modules/opossum": {
      "version": "9.0.0",
      "resolved": "https://registry.npmjs.org/opossum/-/opossum-9.0.0.tgz",
      "integrity": "sha512-K76U0QkxOfUZamneQuzz+AP0fyfTJcCplZ2oZL93nxeupuJbN4s6uFNbmVCt4eWqqGqRnnowdFuBicJ1fLMVxw==",
      "license": "Apache-2.0",
      "engines": {
        "node": "^24 || ^22 || ^20"
      }
    },
    "node_modules/prompts": {
      "version": "2.4.2",
      "resolved": "https://registry.npmjs.org/prompts/-/prompts-2.4.2.tgz",
      "integrity": "sha512-NxNv/kLguCA7p3jE8oL2aEBsrJWgAakBpgmgK6lpPWV+WuOmY6r2/zbAVnP+T8bQlA0nzHXSJSJW0Hq7ylaD2Q==",
      "license": "MIT",
      "dependencies": {
        "kleur": "^3.0.3",
        "sisteransi": "^1.0.5"
      },
      "engines": {
        "node": ">= 6"
      }
    },
    "node_modules/sisteransi": {
      "version": "1.0.5",
      "resolved": "https://registry.npmjs.org/sisteransi/-/sisteransi-1.0.5.tgz",
      "integrity": "sha512-bLGGlR1QxBcynn2d5YmDX4MGjlZvy2MRBDRNHLJ8VI6l6+9FUiyTFNJ0IveOSP0bcXgVDPRcfGqA0pjaqUpfVg==",
      "license": "MIT"
    },
    "node_modules/undici-types": {
      "version": "8.10.2",
      "resolved": "https://registry.npmjs.org/undici-types/-/undici-types-8.10.2.tgz",
      "integrity": "sha512-7/+aSjzkUoLc92hV22bTW4aGanXf800zbwguhcICs0OAoCF9wDOE4wkopQ+SqfhXZm8mCK8gHpdTs7pZUWzK3w==",
      "license": "MIT"
    },
    "node_modules/ws": {
      "version": "8.21.3",
      "resolved": "https://registry.npmjs.org/ws/-/ws-8.21.3.tgz",
      "integrity": "sha512-201TZ/kPWxoPr/OKWjquZR1SWKXcvxdH+e1xrx89b3YbmzLMFCLfnaG1HFIgWzJOEWZ7MvpK++odZufgYR50Rw==",
      "license": "MIT",
      "engines": {
        "node": ">=10.0.0"
      },
      "peerDependencies": {
        "bufferutil": "^4.0.1",
        "utf-8-validate": ">=5.0.2"
      },
      "peerDependenciesMeta": {
        "bufferutil": {
          "optional": true
        },
        "utf-8-validate": {
          "optional": true
        }
      }
    },
    "node_modules/zod": {
      "version": "3.25.76",
      "resolved": "https://registry.npmjs.org/zod/-/zod-3.25.76.tgz",
      "integrity": "sha512-gzUt/qt81nXsFGKIFcC3YnfEAx5NkunCfnDlvuBSSFS02bcXu4Lmea0AFIUwbLWxWPx3d9p8S5QoaujKcNQxcQ==",
      "license": "MIT",
      "funding": {
        "url": "https://github.com/sponsors/colinhacks"
      }
    }
  }
}
